<?xml version="1.0" encoding="utf-8"?>
<Project ToolsVersion="4.0" xmlns="http://schemas.microsoft.com/developer/msbuild/2003">
  <ItemGroup>
    <Filter Include="Source Files">
      <UniqueIdentifier>{4FC737F1-C7A5-4376-A066-2A32D752A2FF}</UniqueIdentifier>
      <Extensions>cpp;c;cc;cxx;c++;cppm;ixx;def;odl;idl;hpj;bat;asm;asmx</Extensions>
    </Filter>
    <Filter Include="Header Files">
      <UniqueIdentifier>{93995380-89BD-4b04-88EB-625FBE52EBFB}</UniqueIdentifier>
      <Extensions>h;hh;hpp;hxx;h++;hm;inl;inc;ipp;xsd</Extensions>
    </Filter>
    <Filter Include="Resource Files">
      <UniqueIdentifier>{67DA6AB6-F800-4c08-8B7A-83BB121AAD01}</UniqueIdentifier>
      <Extensions>rc;ico;cur;bmp;dlg;rc2;rct;bin;rgs;gif;jpg;jpeg;jpe;resx;tiff;tif;png;wav;mfcribbon-ms</Extensions>
    </Filter>
  </ItemGroup>
  <ItemGroup>
    <ClInclude Include="include\framework.h">
      <Filter>Header Files</Filter>
    </ClInclude>
    <ClInclude Include="include\pch.h">
      <Filter>Header Files</Filter>
    </ClInclude>
    <ClInclude Include="include\FSB\IO\IMAADPCMWAVEFORMAT.hpp">
      <Filter>Header Files</Filter>
    </ClInclude>
    <ClInclude Include="include\FSB\IO\WAVEFORMATEX.hpp">
      <Filter>Header Files</Filter>
    </ClInclude>
    <ClInclude Include="include\FSB\IO\SWAVHeader.hpp">
      <Filter>Header Files</Filter>
    </ClInclude>
    <ClInclude Include="include\FSB\IO\ZBufferView.hpp">
      <Filter>Header Files</Filter>
    </ClInclude>
    <ClInclude Include="include\FSB\IO\ZUtil.hpp">
      <Filter>Header Files</Filter>
    </ClInclude>
    <ClInclude Include="include\FSB\IO\ZWAVWriter.hpp">
      <Filter>Header Files</Filter>
    </ClInclude>
    <ClInclude Include="include\FSB\Vorbis\ZRebuilder.hpp">
      <Filter>Header Files</Filter>
    </ClInclude>
    <ClInclude Include="include\FSB\Vorbis\Vorbis.hpp">
      <Filter>Header Files</Filter>
    </ClInclude>
    <ClInclude Include="include\FSB\FSB.hpp">
      <Filter>Header Files</Filter>
    </ClInclude>
    <ClInclude Include="include\FSB\ZContainer.hpp">
      <Filter>Header Files</Filter>
    </ClInclude>
    <ClInclude Include="include\Glacier2\BehaviorTree\SBehaviorTreeEntityReference.hpp">
      <Filter>Header Files</Filter>
    </ClInclude>
    <ClInclude Include="include\Glacier2\BehaviorTree\SBehaviorTreeInfo.hpp">
      <Filter>Header Files</Filter>
    </ClInclude>
    <ClInclude Include="include\Glacier2\BehaviorTree\SBehaviorTreeInputPinCondition.hpp">
      <Filter>Header Files</Filter>
    </ClInclude>
    <ClInclude Include="include\Glacier2\Entity\SCppEntity.hpp">
      <Filter>Header Files</Filter>
    </ClInclude>
    <ClInclude Include="include\Glacier2\Entity\SCppEntityBlueprint.hpp">
      <Filter>Header Files</Filter>
    </ClInclude>
    <ClInclude Include="include\Glacier2\Entity\SCppEntitySubsetInfo.hpp">
      <Filter>Header Files</Filter>
    </ClInclude>
    <ClInclude Include="include\Glacier2\Entity\SEntityTemplateEntitySubset.hpp">
      <Filter>Header Files</Filter>
    </ClInclude>
    <ClInclude Include="include\Glacier2\Entity\SEntityTemplatePinConnection.hpp">
      <Filter>Header Files</Filter>
    </ClInclude>
    <ClInclude Include="include\Glacier2\Entity\SEntityTemplateProperty.hpp">
      <Filter>Header Files</Filter>
    </ClInclude>
    <ClInclude Include="include\Glacier2\Entity\SEntityTemplatePropertyAlias.hpp">
      <Filter>Header Files</Filter>
    </ClInclude>
    <ClInclude Include="include\Glacier2\Entity\SEntityTemplateReference.hpp">
      <Filter>Header Files</Filter>
    </ClInclude>
    <ClInclude Include="include\Glacier2\Entity\STemplateEntity.hpp">
      <Filter>Header Files</Filter>
    </ClInclude>
    <ClInclude Include="include\Glacier2\Entity\STemplateEntityBlueprint.hpp">
      <Filter>Header Files</Filter>
    </ClInclude>
    <ClInclude Include="include\Glacier2\Entity\STemplateSubEntity.hpp">
      <Filter>Header Files</Filter>
    </ClInclude>
    <ClInclude Include="include\Glacier2\Entity\STemplateSubEntityBlueprint.hpp">
      <Filter>Header Files</Filter>
    </ClInclude>
    <ClInclude Include="include\Glacier2\HeaderLibrary\SHeaderLibrary.hpp">
      <Filter>Header Files</Filter>
    </ClInclude>
    <ClInclude Include="include\Glacier2\HeaderLibrary\SHeaderLibraryChunk.hpp">
      <Filter>Header Files</Filter>
    </ClInclude>
    <ClInclude Include="include\Glacier2\Math\SMatrix33.hpp">
      <Filter>Header Files</Filter>
    </ClInclude>
    <ClInclude Include="include\Glacier2\Math\SMatrix43.hpp">
      <Filter>Header Files</Filter>
    </ClInclude>
    <ClInclude Include="include\Glacier2\Math\SVector2.hpp">
      <Filter>Header Files</Filter>
    </ClInclude>
    <ClInclude Include="include\Glacier2\Math\SVector3.hpp">
      <Filter>Header Files</Filter>
    </ClInclude>
    <ClInclude Include="include\Glacier2\Math\SVector4.hpp">
      <Filter>Header Files</Filter>
    </ClInclude>
    <ClInclude Include="include\Glacier2\PackageList\SPackageListData.hpp">
      <Filter>Header Files</Filter>
    </ClInclude>
    <ClInclude Include="include\Glacier2\PackageList\SPackageListDataFolder.hpp">
      <Filter>Header Files</Filter>
    </ClInclude>
    <ClInclude Include="include\Glacier2\PackageList\SPackageListDataSection.hpp">
      <Filter>Header Files</Filter>
    </ClInclude>
    <ClInclude Include="include\Glacier2\Render\ERenderFormat.hpp">
      <Filter>Header Files</Filter>
    </ClInclude>
    <ClInclude Include="include\Glacier2\Render\ERenderResourceMipInterpolation.hpp">
      <Filter>Header Files</Filter>
    </ClInclude>
    <ClInclude Include="include\Glacier2\Render\SRMaterialProperties.hpp">
      <Filter>Header Files</Filter>
    </ClInclude>
    <ClInclude Include="include\Model\ZMeshBufferBuilder.hpp">
      <Filter>Header Files</Filter>
    </ClInclude>
    <ClInclude Include="include\Material\ZRenderMaterialEntity.hpp">
      <Filter>Header Files</Filter>
    </ClInclude>
    <ClInclude Include="include\Material\ZRenderMaterialEntityBlueprint.hpp">
      <Filter>Header Files</Filter>
    </ClInclude>
    <ClInclude Include="include\Material\ZRenderMaterialInstance.hpp">
      <Filter>Header Files</Filter>
    </ClInclude>
    <ClInclude Include="include\Model\ZRenderPrimitive.hpp">
      <Filter>Header Files</Filter>
    </ClInclude>
    <ClInclude Include="include\Glacier2\Resource\EResourceReferenceFlags.hpp">
      <Filter>Header Files</Filter>
    </ClInclude>
    <ClInclude Include="include\Glacier2\Resource\SResourceHeaderHeader.hpp">
      <Filter>Header Files</Filter>
    </ClInclude>
    <ClInclude Include="include\Glacier2\Resource\ZLocalResourceFileMediator.hpp">
      <Filter>Header Files</Filter>
    </ClInclude>
    <ClInclude Include="include\Glacier2\Resource\ZResourceHeaderReader.hpp">
      <Filter>Header Files</Filter>
    </ClInclude>
    <ClInclude Include="include\Glacier2\Resource\ZRuntimeResourceID.hpp">
      <Filter>Header Files</Filter>
    </ClInclude>
    <ClInclude Include="include\Glacier2\Scaleform\SGfxResource.hpp">
      <Filter>Header Files</Filter>
    </ClInclude>
    <ClInclude Include="include\Glacier2\Sound\EMusicPlaylistPlayType.hpp">
      <Filter>Header Files</Filter>
    </ClInclude>
    <ClInclude Include="include\Glacier2\Sound\EMusicPlayStartType.hpp">
      <Filter>Header Files</Filter>
    </ClInclude>
    <ClInclude Include="include\Glacier2\Sound\EMusicTrackExposingType.hpp">
      <Filter>Header Files</Filter>
    </ClInclude>
    <ClInclude Include="include\Glacier2\Sound\EMusicTransitionFadeType.hpp">
      <Filter>Header Files</Filter>
    </ClInclude>
    <ClInclude Include="include\Glacier2\Sound\EMusicTransitionType.hpp">
      <Filter>Header Files</Filter>
    </ClInclude>
    <ClInclude Include="include\Glacier2\Sound\EWaveBankMemoryLoadRTType.hpp">
      <Filter>Header Files</Filter>
    </ClInclude>
    <ClInclude Include="include\Glacier2\Sound\EWaveBankRTFormat.hpp">
      <Filter>Header Files</Filter>
    </ClInclude>
    <ClInclude Include="include\Glacier2\Sound\SMusicCompositionData.hpp">
      <Filter>Header Files</Filter>
    </ClInclude>
    <ClInclude Include="include\Glacier2\Sound\SMusicGameCueData.hpp">
      <Filter>Header Files</Filter>
    </ClInclude>
    <ClInclude Include="include\Glacier2\Sound\SMusicPlaylistData.hpp">
      <Filter>Header Files</Filter>
    </ClInclude>
    <ClInclude Include="include\Glacier2\Sound\SMusicPlaylistEndBehavior.hpp">
      <Filter>Header Files</Filter>
    </ClInclude>
    <ClInclude Include="include\Glacier2\Sound\SMusicPlaylistNodeData.hpp">
      <Filter>Header Files</Filter>
    </ClInclude>
    <ClInclude Include="include\Glacier2\Sound\SMusicSegmentData.hpp">
      <Filter>Header Files</Filter>
    </ClInclude>
    <ClInclude Include="include\Glacier2\Sound\SMusicStingerData.hpp">
      <Filter>Header Files</Filter>
    </ClInclude>
    <ClInclude Include="include\Glacier2\Sound\SMusicTimeSignature.hpp">
      <Filter>Header Files</Filter>
    </ClInclude>
    <ClInclude Include="include\Glacier2\Sound\SMusicTrackData.hpp">
      <Filter>Header Files</Filter>
    </ClInclude>
    <ClInclude Include="include\Glacier2\Sound\SMusicTrackEntryData.hpp">
      <Filter>Header Files</Filter>
    </ClInclude>
    <ClInclude Include="include\Glacier2\Sound\SMusicTrackExposingGroupData.hpp">
      <Filter>Header Files</Filter>
    </ClInclude>
    <ClInclude Include="include\Glacier2\Sound\SMusicTrackVariationData.hpp">
      <Filter>Header Files</Filter>
    </ClInclude>
    <ClInclude Include="include\Glacier2\Sound\SMusicTransition.hpp">
      <Filter>Header Files</Filter>
    </ClInclude>
    <ClInclude Include="include\Glacier2\Sound\SWaveBankResourceData.hpp">
      <Filter>Header Files</Filter>
    </ClInclude>
    <ClInclude Include="include\Glacier2\TypeInfo\IType.hpp">
      <Filter>Header Files</Filter>
    </ClInclude>
    <ClInclude Include="include\Glacier2\TypeInfo\STypeID.hpp">
      <Filter>Header Files</Filter>
    </ClInclude>
    <ClInclude Include="include\Glacier2\SColorRGB.hpp">
      <Filter>Header Files</Filter>
    </ClInclude>
    <ClInclude Include="include\Glacier2\SColorRGBA.hpp">
      <Filter>Header Files</Filter>
    </ClInclude>
    <ClInclude Include="include\Glacier2\TArray.hpp">
      <Filter>Header Files</Filter>
    </ClInclude>
    <ClInclude Include="include\Glacier2\TFixedArray.hpp">
      <Filter>Header Files</Filter>
    </ClInclude>
    <ClInclude Include="include\Glacier2\TFixedArrayBase.hpp">
      <Filter>Header Files</Filter>
    </ClInclude>
    <ClInclude Include="include\Glacier2\TPair.hpp">
      <Filter>Header Files</Filter>
    </ClInclude>
    <ClInclude Include="include\Glacier2\TSparseShortArray.hpp">
      <Filter>Header Files</Filter>
    </ClInclude>
    <ClInclude Include="include\Glacier2\ZBinaryDeserializer.hpp">
      <Filter>Header Files</Filter>
    </ClInclude>
    <ClInclude Include="include\Glacier2\ZBinarySerializer.hpp">
      <Filter>Header Files</Filter>
    </ClInclude>
    <ClInclude Include="include\Glacier2\ZCurve.hpp">
      <Filter>Header Files</Filter>
    </ClInclude>
    <ClInclude Include="include\Glacier2\ZFixedArrayData.hpp">
      <Filter>Header Files</Filter>
    </ClInclude>
    <ClInclude Include="include\Glacier2\ZObjectRef.hpp">
      <Filter>Header Files</Filter>
    </ClInclude>
    <ClInclude Include="include\Glacier2\ZString.hpp">
      <Filter>Header Files</Filter>
    </ClInclude>
    <ClInclude Include="include\Glacier2\ZTextureMap.hpp">
      <Filter>Header Files</Filter>
    </ClInclude>
    <ClInclude Include="include\Glacier2\ZVariant.hpp">
      <Filter>Header Files</Filter>
    </ClInclude>
    <ClInclude Include="include\Hash\MD5.hpp">
      <Filter>Header Files</Filter>
    </ClInclude>
    <ClInclude Include="include\Hash\ZCrc32Generator.hpp">
      <Filter>Header Files</Filter>
    </ClInclude>
    <ClInclude Include="include\IO\IInputStream.hpp">
      <Filter>Header Files</Filter>
    </ClInclude>
    <ClInclude Include="include\IO\IOutputStream.hpp">
      <Filter>Header Files</Filter>
    </ClInclude>
    <ClInclude Include="include\IO\ZBinaryReader.hpp">
      <Filter>Header Files</Filter>
    </ClInclude>
    <ClInclude Include="include\IO\ZBinaryWriter.hpp">
      <Filter>Header Files</Filter>
    </ClInclude>
    <ClInclude Include="include\IO\ZFileInputStream.hpp">
      <Filter>Header Files</Filter>
    </ClInclude>
    <ClInclude Include="include\IO\ZFileOutputStream.hpp">
      <Filter>Header Files</Filter>
    </ClInclude>
    <ClInclude Include="include\IO\ZJSONDeserializer.hpp">
      <Filter>Header Files</Filter>
    </ClInclude>
    <ClInclude Include="include\IO\ZJSONSerializer.hpp">
      <Filter>Header Files</Filter>
    </ClInclude>
    <ClInclude Include="include\IO\ZMemoryInputStream.hpp">
      <Filter>Header Files</Filter>
    </ClInclude>
    <ClInclude Include="include\IO\ZMemoryOuputStream.hpp">
      <Filter>Header Files</Filter>
    </ClInclude>
    <ClInclude Include="include\ogg\ogg.h">
      <Filter>Header Files</Filter>
    </ClInclude>
    <ClInclude Include="include\ogg\os_types.h">
      <Filter>Header Files</Filter>
    </ClInclude>
    <ClInclude Include="include\vorbis\codec.h">
      <Filter>Header Files</Filter>
    </ClInclude>
    <ClInclude Include="include\vorbis\vorbisenc.h">
      <Filter>Header Files</Filter>
    </ClInclude>
    <ClInclude Include="include\vorbis\vorbisfile.h">
      <Filter>Header Files</Filter>
    </ClInclude>
    <ClInclude Include="include\Registry\ZEnumRegistry.hpp">
      <Filter>Header Files</Filter>
    </ClInclude>
    <ClInclude Include="include\Registry\ZPropertyRegistry.hpp">
      <Filter>Header Files</Filter>
    </ClInclude>
    <ClInclude Include="include\Registry\ZTypeRegistry.hpp">
      <Filter>Header Files</Filter>
    </ClInclude>
    <ClInclude Include="include\Texture\DDS.hpp">
      <Filter>Header Files</Filter>
    </ClInclude>
    <ClInclude Include="include\tinygltf\json.hpp">
      <Filter>Header Files</Filter>
    </ClInclude>
    <ClInclude Include="include\tinygltf\stb_image.h">
      <Filter>Header Files</Filter>
    </ClInclude>
    <ClInclude Include="include\tinygltf\stb_image_write.h">
      <Filter>Header Files</Filter>
    </ClInclude>
    <ClInclude Include="include\tinygltf\tiny_gltf.h">
      <Filter>Header Files</Filter>
    </ClInclude>
    <ClInclude Include="include\zlib\inflate.h">
      <Filter>Header Files</Filter>
    </ClInclude>
    <ClInclude Include="include\zlib\zconf.h">
      <Filter>Header Files</Filter>
    </ClInclude>
    <ClInclude Include="include\zlib\zlib.h">
      <Filter>Header Files</Filter>
    </ClInclude>
    <ClInclude Include="include\DirectXTex\BC.h">
      <Filter>Header Files</Filter>
    </ClInclude>
    <ClInclude Include="include\DirectXTex\BCDirectCompute.h">
      <Filter>Header Files</Filter>
    </ClInclude>
    <ClInclude Include="include\DirectXTex\d3dx12.h">
      <Filter>Header Files</Filter>
    </ClInclude>
    <ClInclude Include="include\DirectXTex\DDS.h">
      <Filter>Header Files</Filter>
    </ClInclude>
    <ClInclude Include="include\DirectXTex\DirectXTex.h">
      <Filter>Header Files</Filter>
    </ClInclude>
    <ClInclude Include="include\DirectXTex\DirectXTexP.h">
      <Filter>Header Files</Filter>
    </ClInclude>
    <ClInclude Include="include\DirectXTex\filters.h">
      <Filter>Header Files</Filter>
    </ClInclude>
    <ClInclude Include="include\DirectXTex\scoped.h">
      <Filter>Header Files</Filter>
    </ClInclude>
    <ClInclude Include="include\Scaleform\ActionTAG.hpp">
      <Filter>Header Files</Filter>
    </ClInclude>
    <ClInclude Include="include\Scaleform\AlignZone.hpp">
      <Filter>Header Files</Filter>
    </ClInclude>
    <ClInclude Include="include\Scaleform\Bitmap.hpp">
      <Filter>Header Files</Filter>
    </ClInclude>
    <ClInclude Include="include\Scaleform\Character.hpp">
      <Filter>Header Files</Filter>
    </ClInclude>
    <ClInclude Include="include\Scaleform\CharacterType.hpp">
      <Filter>Header Files</Filter>
    </ClInclude>
    <ClInclude Include="include\Scaleform\CXForm.hpp">
      <Filter>Header Files</Filter>
    </ClInclude>
    <ClInclude Include="include\Scaleform\FillStyle.hpp">
      <Filter>Header Files</Filter>
    </ClInclude>
    <ClInclude Include="include\Scaleform\Filter.hpp">
      <Filter>Header Files</Filter>
    </ClInclude>
    <ClInclude Include="include\Scaleform\FilterList.hpp">
      <Filter>Header Files</Filter>
    </ClInclude>
    <ClInclude Include="include\Scaleform\Font.hpp">
      <Filter>Header Files</Filter>
    </ClInclude>
    <ClInclude Include="include\Scaleform\FontUsage.hpp">
      <Filter>Header Files</Filter>
    </ClInclude>
    <ClInclude Include="include\Scaleform\Gradient.hpp">
      <Filter>Header Files</Filter>
    </ClInclude>
    <ClInclude Include="include\Scaleform\ISwfFileReader.hpp">
      <Filter>Header Files</Filter>
    </ClInclude>
    <ClInclude Include="include\Scaleform\Layer.hpp">
      <Filter>Header Files</Filter>
    </ClInclude>
    <ClInclude Include="include\Scaleform\LineStyle.hpp">
      <Filter>Header Files</Filter>
    </ClInclude>
    <ClInclude Include="include\Scaleform\Matrix.hpp">
      <Filter>Header Files</Filter>
    </ClInclude>
    <ClInclude Include="include\Scaleform\PNG.hpp">
      <Filter>Header Files</Filter>
    </ClInclude>
    <ClInclude Include="include\Scaleform\RenderBuffer.hpp">
      <Filter>Header Files</Filter>
    </ClInclude>
    <ClInclude Include="include\Scaleform\RenderBufferInternal.hpp">
      <Filter>Header Files</Filter>
    </ClInclude>
    <ClInclude Include="include\Scaleform\RenderLine.hpp">
      <Filter>Header Files</Filter>
    </ClInclude>
    <ClInclude Include="include\Scaleform\RenderPoint.hpp">
      <Filter>Header Files</Filter>
    </ClInclude>
    <ClInclude Include="include\Scaleform\RGBA.hpp">
      <Filter>Header Files</Filter>
    </ClInclude>
    <ClInclude Include="include\Scaleform\Shape.hpp">
      <Filter>Header Files</Filter>
    </ClInclude>
    <ClInclude Include="include\Scaleform\Shape2.hpp">
      <Filter>Header Files</Filter>
    </ClInclude>
    <ClInclude Include="include\Scaleform\ShapeLine.hpp">
      <Filter>Header Files</Filter>
    </ClInclude>
    <ClInclude Include="include\Scaleform\ShapeLineType.hpp">
      <Filter>Header Files</Filter>
    </ClInclude>
    <ClInclude Include="include\Scaleform\SPoint.hpp">
      <Filter>Header Files</Filter>
    </ClInclude>
    <ClInclude Include="include\Scaleform\SRect.hpp">
      <Filter>Header Files</Filter>
    </ClInclude>
    <ClInclude Include="include\Scaleform\State.hpp">
      <Filter>Header Files</Filter>
    </ClInclude>
    <ClInclude Include="include\Scaleform\Swf.hpp">
      <Filter>Header Files</Filter>
    </ClInclude>
    <ClInclude Include="include\Scaleform\SwfFileReader.hpp">
      <Filter>Header Files</Filter>
    </ClInclude>
    <ClInclude Include="include\Scaleform\SwfFont.hpp">
      <Filter>Header Files</Filter>
    </ClInclude>
    <ClInclude Include="include\Scaleform\SwfGlyph.hpp">
      <Filter>Header Files</Filter>
    </ClInclude>
    <ClInclude Include="include\Scaleform\SwfGlyphPair.hpp">
      <Filter>Header Files</Filter>
    </ClInclude>
    <ClInclude Include="include\Scaleform\SwfKerning.hpp">
      <Filter>Header Files</Filter>
    </ClInclude>
    <ClInclude Include="include\Scaleform\SwfLayout.hpp">
      <Filter>Header Files</Filter>
    </ClInclude>
    <ClInclude Include="include\Scaleform\SwfPlaceObject.hpp">
      <Filter>Header Files</Filter>
    </ClInclude>
    <ClInclude Include="include\Scaleform\SWFRender.hpp">
      <Filter>Header Files</Filter>
    </ClInclude>
    <ClInclude Include="include\Scaleform\Tag.hpp">
      <Filter>Header Files</Filter>
    </ClInclude>
    <ClInclude Include="include\Scaleform\TextCallbackBlock.hpp">
      <Filter>Header Files</Filter>
    </ClInclude>
    <ClInclude Include="include\Scaleform\UsageTmp.hpp">
      <Filter>Header Files</Filter>
    </ClInclude>
    <ClInclude Include="include\Model\GLTF.hpp">
      <Filter>Header Files</Filter>
    </ClInclude>
    <ClInclude Include="include\SAudioSample.hpp">
      <Filter>Header Files</Filter>
    </ClInclude>
    <ClInclude Include="include\ZAudio.hpp">
      <Filter>Header Files</Filter>
    </ClInclude>
    <ClInclude Include="include\ZBehaviorTree.hpp">
      <Filter>Header Files</Filter>
    </ClInclude>
    <ClInclude Include="include\ZEntityTemplate.hpp">
      <Filter>Header Files</Filter>
    </ClInclude>
    <ClInclude Include="include\ZHeaderLibrary.hpp">
      <Filter>Header Files</Filter>
    </ClInclude>
    <ClInclude Include="include\ZMaterial.hpp">
      <Filter>Header Files</Filter>
    </ClInclude>
    <ClInclude Include="include\ZModel.hpp">
      <Filter>Header Files</Filter>
    </ClInclude>
    <ClInclude Include="include\ZPackageList.hpp">
      <Filter>Header Files</Filter>
    </ClInclude>
    <ClInclude Include="include\ZResource.hpp">
      <Filter>Header Files</Filter>
    </ClInclude>
    <ClInclude Include="include\ZResourceExporter.hpp">
      <Filter>Header Files</Filter>
    </ClInclude>
    <ClInclude Include="include\ZResourceImporter.hpp">
      <Filter>Header Files</Filter>
    </ClInclude>
    <ClInclude Include="include\ZResourceLibrary.hpp">
      <Filter>Header Files</Filter>
    </ClInclude>
    <ClInclude Include="include\ZScaleform.hpp">
      <Filter>Header Files</Filter>
    </ClInclude>
    <ClInclude Include="include\ZTextList.hpp">
      <Filter>Header Files</Filter>
    </ClInclude>
    <ClInclude Include="include\ZTexture.hpp">
      <Filter>Header Files</Filter>
    </ClInclude>
    <ClInclude Include="include\ZUtility.hpp">
      <Filter>Header Files</Filter>
    </ClInclude>
    <ClInclude Include="include\ZVideo.hpp">
      <Filter>Header Files</Filter>
    </ClInclude>
    <ClInclude Include="include\Glacier2\Render\SRenderFormatDesc.hpp">
      <Filter>Header Files</Filter>
    </ClInclude>
    <ClInclude Include="include\Model\EPropertyFlags.hpp">
      <Filter>Header Files</Filter>
    </ClInclude>
    <ClInclude Include="include\Glacier2\ZGameTime.hpp">
      <Filter>Header Files</Filter>
    </ClInclude>
    <ClInclude Include="include\Glacier2\ZSharedSensorDef.hpp">
      <Filter>Header Files</Filter>
    </ClInclude>
    <ClInclude Include="include\Glacier2\EActorPerceptionSensitivity.hpp">
      <Filter>Header Files</Filter>
    </ClInclude>
    <ClInclude Include="include\Glacier2\TypeInfo\ETypeInfoFlags.hpp">
      <Filter>Header Files</Filter>
    </ClInclude>
    <ClInclude Include="include\Glacier2\Sound\ZSpeakerLevels.hpp">
      <Filter>Header Files</Filter>
    </ClInclude>
    <ClInclude Include="include\SEntityTemplate.hpp">
      <Filter>Header Files</Filter>
    </ClInclude>
    <ClInclude Include="include\Glacier2\SSettingsParamMultiplier.hpp">
      <Filter>Header Files</Filter>
    </ClInclude>
    <ClInclude Include="include\Glacier2\ESettingsParam.hpp">
      <Filter>Header Files</Filter>
    </ClInclude>
    <ClInclude Include="include\Glacier2\SBodyPartDamageMultipliers.hpp">
      <Filter>Header Files</Filter>
    </ClInclude>
    <ClInclude Include="src\Glacier2\ECameraState.hpp">
      <Filter>Header Files</Filter>
    </ClInclude>
    <ClInclude Include="include\ZChartType.hpp">
      <Filter>Header Files</Filter>
    </ClInclude>
    <ClInclude Include="include\MapNode.hpp">
      <Filter>Header Files</Filter>
    </ClInclude>
    <ClInclude Include="include\Glacier2\SResourceIndex.hpp">
      <Filter>Header Files</Filter>
    </ClInclude>
    <ClInclude Include="include\Glacier2\SResourceIndexFolder.hpp">
      <Filter>Header Files</Filter>
    </ClInclude>
    <ClInclude Include="include\ZResourceIndex.hpp">
      <Filter>Header Files</Filter>
    </ClInclude>
  </ItemGroup>
  <ItemGroup>
    <ClCompile Include="dllmain.cpp">
      <Filter>Source Files</Filter>
    </ClCompile>
    <ClCompile Include="src\pch.cpp">
      <Filter>Source Files</Filter>
    </ClCompile>
    <ClCompile Include="src\FSB\IO\ZBufferView.cpp">
      <Filter>Source Files</Filter>
    </ClCompile>
    <ClCompile Include="src\FSB\IO\ZUtil.cpp">
      <Filter>Source Files</Filter>
    </ClCompile>
    <ClCompile Include="src\FSB\IO\ZWAVWriter.cpp">
      <Filter>Source Files</Filter>
    </ClCompile>
    <ClCompile Include="src\FSB\Vorbis\ZRebuilder.cpp">
      <Filter>Source Files</Filter>
    </ClCompile>
    <ClCompile Include="src\FSB\Vorbis\Vorbis.cpp">
      <Filter>Source Files</Filter>
    </ClCompile>
    <ClCompile Include="src\FSB\ZContainer.cpp">
      <Filter>Source Files</Filter>
    </ClCompile>
    <ClCompile Include="src\Glacier2\BehaviorTree\SBehaviorTreeEntityReference.cpp">
      <Filter>Source Files</Filter>
    </ClCompile>
    <ClCompile Include="src\Glacier2\BehaviorTree\SBehaviorTreeInfo.cpp">
      <Filter>Source Files</Filter>
    </ClCompile>
    <ClCompile Include="src\Glacier2\BehaviorTree\SBehaviorTreeInputPinCondition.cpp">
      <Filter>Source Files</Filter>
    </ClCompile>
    <ClCompile Include="src\Glacier2\Entity\SCppEntity.cpp">
      <Filter>Source Files</Filter>
    </ClCompile>
    <ClCompile Include="src\Glacier2\Entity\SCppEntityBlueprint.cpp">
      <Filter>Source Files</Filter>
    </ClCompile>
    <ClCompile Include="src\Glacier2\Entity\SCppEntitySubsetInfo.cpp">
      <Filter>Source Files</Filter>
    </ClCompile>
    <ClCompile Include="src\Glacier2\Entity\SEntityTemplateEntitySubset.cpp">
      <Filter>Source Files</Filter>
    </ClCompile>
    <ClCompile Include="src\Glacier2\Entity\SEntityTemplatePinConnection.cpp">
      <Filter>Source Files</Filter>
    </ClCompile>
    <ClCompile Include="src\Glacier2\Entity\SEntityTemplateProperty.cpp">
      <Filter>Source Files</Filter>
    </ClCompile>
    <ClCompile Include="src\Glacier2\Entity\SEntityTemplatePropertyAlias.cpp">
      <Filter>Source Files</Filter>
    </ClCompile>
    <ClCompile Include="src\Glacier2\Entity\SEntityTemplateReference.cpp">
      <Filter>Source Files</Filter>
    </ClCompile>
    <ClCompile Include="src\Glacier2\Entity\STemplateEntity.cpp">
      <Filter>Source Files</Filter>
    </ClCompile>
    <ClCompile Include="src\Glacier2\Entity\STemplateEntityBlueprint.cpp">
      <Filter>Source Files</Filter>
    </ClCompile>
    <ClCompile Include="src\Glacier2\Entity\STemplateSubEntity.cpp">
      <Filter>Source Files</Filter>
    </ClCompile>
    <ClCompile Include="src\Glacier2\Entity\STemplateSubEntityBlueprint.cpp">
      <Filter>Source Files</Filter>
    </ClCompile>
    <ClCompile Include="src\Glacier2\HeaderLibrary\SHeaderLibrary.cpp">
      <Filter>Source Files</Filter>
    </ClCompile>
    <ClCompile Include="src\Glacier2\HeaderLibrary\SHeaderLibraryChunk.cpp">
      <Filter>Source Files</Filter>
    </ClCompile>
    <ClCompile Include="src\Glacier2\Math\SMatrix33.cpp">
      <Filter>Source Files</Filter>
    </ClCompile>
    <ClCompile Include="src\Glacier2\Math\SMatrix43.cpp">
      <Filter>Source Files</Filter>
    </ClCompile>
    <ClCompile Include="src\Glacier2\Math\SVector2.cpp">
      <Filter>Source Files</Filter>
    </ClCompile>
    <ClCompile Include="src\Glacier2\Math\SVector3.cpp">
      <Filter>Source Files</Filter>
    </ClCompile>
    <ClCompile Include="src\Glacier2\Math\SVector4.cpp">
      <Filter>Source Files</Filter>
    </ClCompile>
    <ClCompile Include="src\Glacier2\PackageList\SPackageListData.cpp">
      <Filter>Source Files</Filter>
    </ClCompile>
    <ClCompile Include="src\Glacier2\PackageList\SPackageListDataFolder.cpp">
      <Filter>Source Files</Filter>
    </ClCompile>
    <ClCompile Include="src\Glacier2\PackageList\SPackageListDataSection.cpp">
      <Filter>Source Files</Filter>
    </ClCompile>
    <ClCompile Include="src\Model\ZMeshBufferBuilder.cpp">
      <Filter>Source Files</Filter>
    </ClCompile>
    <ClCompile Include="src\Material\ZRenderMaterialEntity.cpp">
      <Filter>Source Files</Filter>
    </ClCompile>
    <ClCompile Include="src\Material\ZRenderMaterialEntityBlueprint.cpp">
      <Filter>Source Files</Filter>
    </ClCompile>
    <ClCompile Include="src\Material\ZRenderMaterialInstance.cpp">
      <Filter>Source Files</Filter>
    </ClCompile>
    <ClCompile Include="src\Model\ZRenderPrimitive.cpp">
      <Filter>Source Files</Filter>
    </ClCompile>
    <ClCompile Include="src\Glacier2\Resource\SResourceHeaderHeader.cpp">
      <Filter>Source Files</Filter>
    </ClCompile>
    <ClCompile Include="src\Glacier2\Resource\ZLocalResourceFileMediator.cpp">
      <Filter>Source Files</Filter>
    </ClCompile>
    <ClCompile Include="src\Glacier2\Resource\ZResourceHeaderReader.cpp">
      <Filter>Source Files</Filter>
    </ClCompile>
    <ClCompile Include="src\Glacier2\Resource\ZRuntimeResourceID.cpp">
      <Filter>Source Files</Filter>
    </ClCompile>
    <ClCompile Include="src\Glacier2\Sound\SMusicCompositionData.cpp">
      <Filter>Source Files</Filter>
    </ClCompile>
    <ClCompile Include="src\Glacier2\Sound\SMusicGameCueData.cpp">
      <Filter>Source Files</Filter>
    </ClCompile>
    <ClCompile Include="src\Glacier2\Sound\SMusicPlaylistData.cpp">
      <Filter>Source Files</Filter>
    </ClCompile>
    <ClCompile Include="src\Glacier2\Sound\SMusicPlaylistEndBehavior.cpp">
      <Filter>Source Files</Filter>
    </ClCompile>
    <ClCompile Include="src\Glacier2\Sound\SMusicPlaylistNodeData.cpp">
      <Filter>Source Files</Filter>
    </ClCompile>
    <ClCompile Include="src\Glacier2\Sound\SMusicSegmentData.cpp">
      <Filter>Source Files</Filter>
    </ClCompile>
    <ClCompile Include="src\Glacier2\Sound\SMusicStingerData.cpp">
      <Filter>Source Files</Filter>
    </ClCompile>
    <ClCompile Include="src\Glacier2\Sound\SMusicTimeSignature.cpp">
      <Filter>Source Files</Filter>
    </ClCompile>
    <ClCompile Include="src\Glacier2\Sound\SMusicTrackData.cpp">
      <Filter>Source Files</Filter>
    </ClCompile>
    <ClCompile Include="src\Glacier2\Sound\SMusicTrackEntryData.cpp">
      <Filter>Source Files</Filter>
    </ClCompile>
    <ClCompile Include="src\Glacier2\Sound\SMusicTrackExposingGroupData.cpp">
      <Filter>Source Files</Filter>
    </ClCompile>
    <ClCompile Include="src\Glacier2\Sound\SMusicTrackVariationData.cpp">
      <Filter>Source Files</Filter>
    </ClCompile>
    <ClCompile Include="src\Glacier2\Sound\SMusicTransition.cpp">
      <Filter>Source Files</Filter>
    </ClCompile>
    <ClCompile Include="src\Glacier2\Sound\SWaveBankResourceData.cpp">
      <Filter>Source Files</Filter>
    </ClCompile>
    <ClCompile Include="src\Glacier2\TypeInfo\IType.cpp">
      <Filter>Source Files</Filter>
    </ClCompile>
    <ClCompile Include="src\Glacier2\TypeInfo\STypeID.cpp">
      <Filter>Source Files</Filter>
    </ClCompile>
    <ClCompile Include="src\Glacier2\SColorRGB.cpp">
      <Filter>Source Files</Filter>
    </ClCompile>
    <ClCompile Include="src\Glacier2\SColorRGBA.cpp">
      <Filter>Source Files</Filter>
    </ClCompile>
    <ClCompile Include="src\Glacier2\ZBinaryDeserializer.cpp">
      <Filter>Source Files</Filter>
    </ClCompile>
    <ClCompile Include="src\Glacier2\ZBinarySerializer.cpp">
      <Filter>Source Files</Filter>
    </ClCompile>
    <ClCompile Include="src\Glacier2\ZCurve.cpp">
      <Filter>Source Files</Filter>
    </ClCompile>
    <ClCompile Include="src\Glacier2\ZObjectRef.cpp">
      <Filter>Source Files</Filter>
    </ClCompile>
    <ClCompile Include="src\Glacier2\ZString.cpp">
      <Filter>Source Files</Filter>
    </ClCompile>
    <ClCompile Include="src\Glacier2\ZTextureMap.cpp">
      <Filter>Source Files</Filter>
    </ClCompile>
    <ClCompile Include="src\Glacier2\ZVariant.cpp">
      <Filter>Source Files</Filter>
    </ClCompile>
    <ClCompile Include="src\Hash\MD5.cpp">
      <Filter>Source Files</Filter>
    </ClCompile>
    <ClCompile Include="src\Hash\ZCrc32Generator.cpp">
      <Filter>Source Files</Filter>
    </ClCompile>
    <ClCompile Include="src\IO\IInputStream.cpp">
      <Filter>Source Files</Filter>
    </ClCompile>
    <ClCompile Include="src\IO\IOutputStream.cpp">
      <Filter>Source Files</Filter>
    </ClCompile>
    <ClCompile Include="src\IO\ZBinaryReader.cpp">
      <Filter>Source Files</Filter>
    </ClCompile>
    <ClCompile Include="src\IO\ZBinaryWriter.cpp">
      <Filter>Source Files</Filter>
    </ClCompile>
    <ClCompile Include="src\IO\ZFileInputStream.cpp">
      <Filter>Source Files</Filter>
    </ClCompile>
    <ClCompile Include="src\IO\ZFileOutputStream.cpp">
      <Filter>Source Files</Filter>
    </ClCompile>
    <ClCompile Include="src\IO\ZJSONDeserializer.cpp">
      <Filter>Source Files</Filter>
    </ClCompile>
    <ClCompile Include="src\IO\ZJSONSerializer.cpp">
      <Filter>Source Files</Filter>
    </ClCompile>
    <ClCompile Include="src\IO\ZMemoryInputStream.cpp">
      <Filter>Source Files</Filter>
    </ClCompile>
    <ClCompile Include="src\IO\ZMemoryOuputStream.cpp">
      <Filter>Source Files</Filter>
    </ClCompile>
    <ClCompile Include="src\Registry\ZEnumRegistry.cpp">
      <Filter>Source Files</Filter>
    </ClCompile>
    <ClCompile Include="src\Registry\ZPropertyRegistry.cpp">
      <Filter>Source Files</Filter>
    </ClCompile>
    <ClCompile Include="src\Registry\ZTypeRegistry.cpp">
      <Filter>Source Files</Filter>
    </ClCompile>
    <ClCompile Include="src\Scaleform\PNG.cpp">
      <Filter>Source Files</Filter>
    </ClCompile>
    <ClCompile Include="src\Scaleform\SwfFileReader.cpp">
      <Filter>Source Files</Filter>
    </ClCompile>
    <ClCompile Include="src\Scaleform\SWFRender.cpp">
      <Filter>Source Files</Filter>
    </ClCompile>
    <ClCompile Include="src\Model\GLTF.cpp">
      <Filter>Source Files</Filter>
    </ClCompile>
    <ClCompile Include="src\ZAudio.cpp">
      <Filter>Source Files</Filter>
    </ClCompile>
    <ClCompile Include="src\ZBehaviorTree.cpp">
      <Filter>Source Files</Filter>
    </ClCompile>
    <ClCompile Include="src\ZEntityTemplate.cpp">
      <Filter>Source Files</Filter>
    </ClCompile>
    <ClCompile Include="src\ZHeaderLibrary.cpp">
      <Filter>Source Files</Filter>
    </ClCompile>
    <ClCompile Include="src\ZMaterial.cpp">
      <Filter>Source Files</Filter>
    </ClCompile>
    <ClCompile Include="src\ZModel.cpp">
      <Filter>Source Files</Filter>
    </ClCompile>
    <ClCompile Include="src\ZPackageList.cpp">
      <Filter>Source Files</Filter>
    </ClCompile>
    <ClCompile Include="src\ZResource.cpp">
      <Filter>Source Files</Filter>
    </ClCompile>
    <ClCompile Include="src\ZResourceExporter.cpp">
      <Filter>Source Files</Filter>
    </ClCompile>
    <ClCompile Include="src\ZResourceImporter.cpp">
      <Filter>Source Files</Filter>
    </ClCompile>
    <ClCompile Include="src\ZResourceLibrary.cpp">
      <Filter>Source Files</Filter>
    </ClCompile>
    <ClCompile Include="src\ZScaleform.cpp">
      <Filter>Source Files</Filter>
    </ClCompile>
    <ClCompile Include="src\ZTextList.cpp">
      <Filter>Source Files</Filter>
    </ClCompile>
    <ClCompile Include="src\ZTexture.cpp">
      <Filter>Source Files</Filter>
    </ClCompile>
    <ClCompile Include="src\ZUtility.cpp">
      <Filter>Source Files</Filter>
    </ClCompile>
    <ClCompile Include="src\ZVideo.cpp">
      <Filter>Source Files</Filter>
    </ClCompile>
    <ClCompile Include="src\Glacier2\ZGameTime.cpp">
      <Filter>Source Files</Filter>
    </ClCompile>
    <ClCompile Include="src\Glacier2\ZSharedSensorDef.cpp">
      <Filter>Source Files</Filter>
    </ClCompile>
    <ClCompile Include="src\Glacier2\Sound\ZSpeakerLevels.cpp">
      <Filter>Source Files</Filter>
    </ClCompile>
    <ClCompile Include="src\SEntityTemplate.cpp">
      <Filter>Source Files</Filter>
    </ClCompile>
    <ClCompile Include="src\Glacier2\SSettingsParamMultiplier.cpp">
      <Filter>Source Files</Filter>
    </ClCompile>
    <ClCompile Include="src\Glacier2\SBodyPartDamageMultipliers.cpp">
      <Filter>Source Files</Filter>
    </ClCompile>
    <ClCompile Include="src\ZChartType.cpp">
      <Filter>Source Files</Filter>
    </ClCompile>
    <ClCompile Include="src\Glacier2\SResourceIndex.cpp">
      <Filter>Source Files</Filter>
    </ClCompile>
    <ClCompile Include="src\Glacier2\SResourceIndexFolder.cpp">
      <Filter>Source Files</Filter>
    </ClCompile>
    <ClCompile Include="src\ZResourceIndex.cpp">
      <Filter>Source Files</Filter>
    </ClCompile>
  </ItemGroup>
  <ItemGroup>
    <None Include="include\FSB\Vorbis\headers.inc">
      <Filter>Header Files</Filter>
    </None>
    <None Include="include\ogg\config_types.h.in" />
    <None Include="include\DirectXTex\DirectXTex.inl">
      <Filter>Header Files</Filter>
    </None>
    <None Include="data\Enums.json" />
    <None Include="data\Properties.json" />
    <None Include="data\STypeIDs.json" />
  </ItemGroup>
  <ItemGroup>
    <Text Include="data\HashMap.txt" />
    <Text Include="data\ResourceIDs.txt" />
  </ItemGroup>
</Project>